
Microsoft Visual Studio Solution File, Format Version 12.00
# Visual Studio 15
VisualStudioVersion = 15.0.28010.2016
MinimumVisualStudioVersion = 10.0.40219.1
Project("{FAE04EC0-301F-11D3-BF4B-00C04F79EFBC}") = "zigecha-web", "zigecha-web\zigecha-web.csproj", "{63D9206B-E808-46CE-939A-EC7D218680D5}"
EndProject
Project("{E24C65DC-7377-472B-9ABA-BC803B73C61A}") = "ZDWebSite", "ZDWebSite\", "{D2A909E0-7FE5-429F-908B-501456FE85AF}"
	ProjectSection(WebsiteProperties) = preProject
		TargetFrameworkMoniker = ".NETFramework,Version%3Dv4.0"
		Debug.AspNetCompiler.VirtualPath = "/localhost_54931"
		Debug.AspNetCompiler.PhysicalPath = "ZDWebSite\"
		Debug.AspNetCompiler.TargetPath = "PrecompiledWeb\localhost_54931\"
		Debug.AspNetCompiler.Updateable = "true"
		Debug.AspNetCompiler.ForceOverwrite = "true"
		Debug.AspNetCompiler.FixedNames = "false"
		Debug.AspNetCompiler.Debug = "True"
		Release.AspNetCompiler.VirtualPath = "/localhost_54931"
		Release.AspNetCompiler.PhysicalPath = "ZDWebSite\"
		Release.AspNetCompiler.TargetPath = "PrecompiledWeb\localhost_54931\"
		Release.AspNetCompiler.Updateable = "true"
		Release.AspNetCompiler.ForceOverwrite = "true"
		Release.AspNetCompiler.FixedNames = "false"
		Release.AspNetCompiler.Debug = "False"
		VWDPort = "54931"
		SlnRelativePath = "ZDWebSite\"
	EndProjectSection
EndProject
Global
	GlobalSection(SolutionConfigurationPlatforms) = preSolution
		Debug|Any CPU = Debug|Any CPU
		Release|Any CPU = Release|Any CPU
	EndGlobalSection
	GlobalSection(ProjectConfigurationPlatforms) = postSolution
		{63D9206B-E808-46CE-939A-EC7D218680D5}.Debug|Any CPU.ActiveCfg = Debug|Any CPU
		{63D9206B-E808-46CE-939A-EC7D218680D5}.Debug|Any CPU.Build.0 = Debug|Any CPU
		{63D9206B-E808-46CE-939A-EC7D218680D5}.Release|Any CPU.ActiveCfg = Release|Any CPU
		{63D9206B-E808-46CE-939A-EC7D218680D5}.Release|Any CPU.Build.0 = Release|Any CPU
		{D2A909E0-7FE5-429F-908B-501456FE85AF}.Debug|Any CPU.ActiveCfg = Debug|Any CPU
		{D2A909E0-7FE5-429F-908B-501456FE85AF}.Debug|Any CPU.Build.0 = Debug|Any CPU
		{D2A909E0-7FE5-429F-908B-501456FE85AF}.Release|Any CPU.ActiveCfg = Debug|Any CPU
		{D2A909E0-7FE5-429F-908B-501456FE85AF}.Release|Any CPU.Build.0 = Debug|Any CPU
	EndGlobalSection
	GlobalSection(SolutionProperties) = preSolution
		HideSolutionNode = FALSE
	EndGlobalSection
	GlobalSection(ExtensibilityGlobals) = postSolution
		SolutionGuid = {BB9845B9-BFBD-40C9-BFBB-69EA64377423}
	EndGlobalSection
EndGlobal
